// !$*UTF8*$!
{
	archiveVersion = 1;
	classes = {
	};
	objectVersion = 51;
	objects = {

/* Begin PBXBuildFile section */
		194B33F622E0B1B9001C802D /* AppDelegate.swift in Sources */ = {isa = PBXBuildFile; fileRef = 194B33F522E0B1B9001C802D /* AppDelegate.swift */; };
		194B33F822E0B1B9001C802D /* FirstViewController.swift in Sources */ = {isa = PBXBuildFile; fileRef = 194B33F722E0B1B9001C802D /* FirstViewController.swift */; };
		194B33FD22E0B1B9001C802D /* Main.storyboard in Resources */ = {isa = PBXBuildFile; fileRef = 194B33FB22E0B1B9001C802D /* Main.storyboard */; };
		194B33FF22E0B1BC001C802D /* Assets.xcassets in Resources */ = {isa = PBXBuildFile; fileRef = 194B33FE22E0B1BC001C802D /* Assets.xcassets */; };
		194B340222E0B1BC001C802D /* LaunchScreen.storyboard in Resources */ = {isa = PBXBuildFile; fileRef = 194B340022E0B1BC001C802D /* LaunchScreen.storyboard */; };
		1B53D5C2D70597EA84486234 /* Pods_New_APNs_documentation_app.framework in Frameworks */ = {isa = PBXBuildFile; fileRef = 2E35FC2DBD0751903B330B3B /* Pods_New_APNs_documentation_app.framework */; };
/* End PBXBuildFile section */

/* Begin PBXFileReference section */
		00D6F9942873B039EF92039A /* Pods-New APNs documentation app.debug.xcconfig */ = {isa = PBXFileReference; includeInIndex = 1; lastKnownFileType = text.xcconfig; name = "Pods-New APNs documentation app.debug.xcconfig"; path = "Target Support Files/Pods-New APNs documentation app/Pods-New APNs documentation app.debug.xcconfig"; sourceTree = "<group>"; };
		194B33F222E0B1B9001C802D /* New APNs documentation app.app */ = {isa = PBXFileReference; explicitFileType = wrapper.application; includeInIndex = 0; path = "New APNs documentation app.app"; sourceTree = BUILT_PRODUCTS_DIR; };
		194B33F522E0B1B9001C802D /* AppDelegate.swift */ = {isa = PBXFileReference; lastKnownFileType = sourcecode.swift; path = AppDelegate.swift; sourceTree = "<group>"; };
		194B33F722E0B1B9001C802D /* FirstViewController.swift */ = {isa = PBXFileReference; lastKnownFileType = sourcecode.swift; path = FirstViewController.swift; sourceTree = "<group>"; };
		194B33FC22E0B1B9001C802D /* Base */ = {isa = PBXFileReference; lastKnownFileType = file.storyboard; name = Base; path = Base.lproj/Main.storyboard; sourceTree = "<group>"; };
		194B33FE22E0B1BC001C802D /* Assets.xcassets */ = {isa = PBXFileReference; lastKnownFileType = folder.assetcatalog; path = Assets.xcassets; sourceTree = "<group>"; };
		194B340122E0B1BC001C802D /* Base */ = {isa = PBXFileReference; lastKnownFileType = file.storyboard; name = Base; path = Base.lproj/LaunchScreen.storyboard; sourceTree = "<group>"; };
		194B340322E0B1BC001C802D /* Info.plist */ = {isa = PBXFileReference; lastKnownFileType = text.plist.xml; path = Info.plist; sourceTree = "<group>"; };
		194B340922E0B2CC001C802D /* New APNs documentation app.entitlements */ = {isa = PBXFileReference; lastKnownFileType = text.plist.entitlements; path = "New APNs documentation app.entitlements"; sourceTree = "<group>"; };
		2E35FC2DBD0751903B330B3B /* Pods_New_APNs_documentation_app.framework */ = {isa = PBXFileReference; explicitFileType = wrapper.framework; includeInIndex = 0; path = Pods_New_APNs_documentation_app.framework; sourceTree = BUILT_PRODUCTS_DIR; };
		6E1EA578D94D47786627F13B /* Pods-New APNs documentation app.release.xcconfig */ = {isa = PBXFileReference; includeInIndex = 1; lastKnownFileType = text.xcconfig; name = "Pods-New APNs documentation app.release.xcconfig"; path = "Target Support Files/Pods-New APNs documentation app/Pods-New APNs documentation app.release.xcconfig"; sourceTree = "<group>"; };
/* End PBXFileReference section */

/* Begin PBXFrameworksBuildPhase section */
		194B33EF22E0B1B9001C802D /* Frameworks */ = {
			isa = PBXFrameworksBuildPhase;
			buildActionMask = 2147483647;
			files = (
				1B53D5C2D70597EA84486234 /* Pods_New_APNs_documentation_app.framework in Frameworks */,
			);
			runOnlyForDeploymentPostprocessing = 0;
		};
/* End PBXFrameworksBuildPhase section */

/* Begin PBXGroup section */
		12291A3DB894AD69C1B1C2EA /* Pods */ = {
			isa = PBXGroup;
			children = (
				00D6F9942873B039EF92039A /* Pods-New APNs documentation app.debug.xcconfig */,
				6E1EA578D94D47786627F13B /* Pods-New APNs documentation app.release.xcconfig */,
			);
			path = Pods;
			sourceTree = "<group>";
		};
		194B33E922E0B1B9001C802D = {
			isa = PBXGroup;
			children = (
				194B33F422E0B1B9001C802D /* New APNs documentation app */,
				194B33F322E0B1B9001C802D /* Products */,
				12291A3DB894AD69C1B1C2EA /* Pods */,
				95860F4E54A4229B1CFAF6EF /* Frameworks */,
			);
			sourceTree = "<group>";
		};
		194B33F322E0B1B9001C802D /* Products */ = {
			isa = PBXGroup;
			children = (
				194B33F222E0B1B9001C802D /* New APNs documentation app.app */,
			);
			name = Products;
			sourceTree = "<group>";
		};
		194B33F422E0B1B9001C802D /* New APNs documentation app */ = {
			isa = PBXGroup;
			children = (
				194B340922E0B2CC001C802D /* New APNs documentation app.entitlements */,
				194B33F522E0B1B9001C802D /* AppDelegate.swift */,
				194B33F722E0B1B9001C802D /* FirstViewController.swift */,
				194B33FB22E0B1B9001C802D /* Main.storyboard */,
				194B33FE22E0B1BC001C802D /* Assets.xcassets */,
				194B340022E0B1BC001C802D /* LaunchScreen.storyboard */,
				194B340322E0B1BC001C802D /* Info.plist */,
			);
			path = "New APNs documentation app";
			sourceTree = "<group>";
		};
		95860F4E54A4229B1CFAF6EF /* Frameworks */ = {
			isa = PBXGroup;
			children = (
				2E35FC2DBD0751903B330B3B /* Pods_New_APNs_documentation_app.framework */,
			);
			name = Frameworks;
			sourceTree = "<group>";
		};
/* End PBXGroup section */

/* Begin PBXNativeTarget section */
		194B33F122E0B1B9001C802D /* New APNs documentation app */ = {
			isa = PBXNativeTarget;
			buildConfigurationList = 194B340622E0B1BC001C802D /* Build configuration list for PBXNativeTarget "New APNs documentation app" */;
			buildPhases = (
				010E465A067BDDA572900F0B /* [CP] Check Pods Manifest.lock */,
				194B33EE22E0B1B9001C802D /* Sources */,
				194B33EF22E0B1B9001C802D /* Frameworks */,
				194B33F022E0B1B9001C802D /* Resources */,
				26124C4945092695B663B889 /* [CP] Copy Pods Resources */,
				2FF0F293125E661D398089CA /* [CP] Embed Pods Frameworks */,
			);
			buildRules = (
			);
			dependencies = (
			);
			name = "New APNs documentation app";
			productName = "New APNs documentation app";
			productReference = 194B33F222E0B1B9001C802D /* New APNs documentation app.app */;
			productType = "com.apple.product-type.application";
		};
/* End PBXNativeTarget section */

/* Begin PBXProject section */
		194B33EA22E0B1B9001C802D /* Project object */ = {
			isa = PBXProject;
			attributes = {
				LastSwiftUpdateCheck = 1020;
				LastUpgradeCheck = 1020;
				ORGANIZATIONNAME = Testing;
				TargetAttributes = {
					194B33F122E0B1B9001C802D = {
						CreatedOnToolsVersion = 10.2.1;
						SystemCapabilities = {
							com.apple.BackgroundModes = {
								enabled = 1;
							};
							com.apple.Push = {
								enabled = 1;
							};
						};
					};
				};
			};
			buildConfigurationList = 194B33ED22E0B1B9001C802D /* Build configuration list for PBXProject "New APNs documentation app" */;
			compatibilityVersion = "Xcode 9.3";
			developmentRegion = en;
			hasScannedForEncodings = 0;
			knownRegions = (
				en,
				Base,
			);
			mainGroup = 194B33E922E0B1B9001C802D;
			productRefGroup = 194B33F322E0B1B9001C802D /* Products */;
			projectDirPath = "";
			projectRoot = "";
			targets = (
				194B33F122E0B1B9001C802D /* New APNs documentation app */,
			);
		};
/* End PBXProject section */

/* Begin PBXResourcesBuildPhase section */
		194B33F022E0B1B9001C802D /* Resources */ = {
			isa = PBXResourcesBuildPhase;
			buildActionMask = 2147483647;
			files = (
				194B340222E0B1BC001C802D /* LaunchScreen.storyboard in Resources */,
				194B33FF22E0B1BC001C802D /* Assets.xcassets in Resources */,
				194B33FD22E0B1B9001C802D /* Main.storyboard in Resources */,
			);
			runOnlyForDeploymentPostprocessing = 0;
		};
/* End PBXResourcesBuildPhase section */

/* Begin PBXShellScriptBuildPhase section */
		010E465A067BDDA572900F0B /* [CP] Check Pods Manifest.lock */ = {
			isa = PBXShellScriptBuildPhase;
			buildActionMask = 2147483647;
			files = (
			);
			inputFileListPaths = (
			);
			inputPaths = (
				"${PODS_PODFILE_DIR_PATH}/Podfile.lock",
				"${PODS_ROOT}/Manifest.lock",
			);
			name = "[CP] Check Pods Manifest.lock";
			outputFileListPaths = (
			);
			outputPaths = (
				"$(DERIVED_FILE_DIR)/Pods-New APNs documentation app-checkManifestLockResult.txt",
			);
			runOnlyForDeploymentPostprocessing = 0;
			shellPath = /bin/sh;
			shellScript = "diff \"${PODS_PODFILE_DIR_PATH}/Podfile.lock\" \"${PODS_ROOT}/Manifest.lock\" > /dev/null\nif [ $? != 0 ] ; then\n    # print error to STDERR\n    echo \"error: The sandbox is not in sync with the Podfile.lock. Run 'pod install' or update your CocoaPods installation.\" >&2\n    exit 1\nfi\n# This output is used by Xcode 'outputs' to avoid re-running this script phase.\necho \"SUCCESS\" > \"${SCRIPT_OUTPUT_FILE_0}\"\n";
			showEnvVarsInLog = 0;
		};
		26124C4945092695B663B889 /* [CP] Copy Pods Resources */ = {
			isa = PBXShellScriptBuildPhase;
			buildActionMask = 2147483647;
			files = (
			);
			inputFileListPaths = (
				"${PODS_ROOT}/Target Support Files/Pods-New APNs documentation app/Pods-New APNs documentation app-resources-${CONFIGURATION}-input-files.xcfilelist",
			);
			name = "[CP] Copy Pods Resources";
			outputFileListPaths = (
				"${PODS_ROOT}/Target Support Files/Pods-New APNs documentation app/Pods-New APNs documentation app-resources-${CONFIGURATION}-output-files.xcfilelist",
			);
			runOnlyForDeploymentPostprocessing = 0;
			shellPath = /bin/sh;
			shellScript = "\"${PODS_ROOT}/Target Support Files/Pods-New APNs documentation app/Pods-New APNs documentation app-resources.sh\"\n";
			showEnvVarsInLog = 0;
		};
		2FF0F293125E661D398089CA /* [CP] Embed Pods Frameworks */ = {
			isa = PBXShellScriptBuildPhase;
			buildActionMask = 2147483647;
			files = (
			);
			inputFileListPaths = (
				"${PODS_ROOT}/Target Support Files/Pods-New APNs documentation app/Pods-New APNs documentation app-frameworks-${CONFIGURATION}-input-files.xcfilelist",
			);
			name = "[CP] Embed Pods Frameworks";
			outputFileListPaths = (
				"${PODS_ROOT}/Target Support Files/Pods-New APNs documentation app/Pods-New APNs documentation app-frameworks-${CONFIGURATION}-output-files.xcfilelist",
			);
			runOnlyForDeploymentPostprocessing = 0;
			shellPath = /bin/sh;
			shellScript = "\"${PODS_ROOT}/Target Support Files/Pods-New APNs documentation app/Pods-New APNs documentation app-frameworks.sh\"\n";
			showEnvVarsInLog = 0;
		};
/* End PBXShellScriptBuildPhase section */

/* Begin PBXSourcesBuildPhase section */
		194B33EE22E0B1B9001C802D /* Sources */ = {
			isa = PBXSourcesBuildPhase;
			buildActionMask = 2147483647;
			files = (
				194B33F622E0B1B9001C802D /* AppDelegate.swift in Sources */,
				194B33F822E0B1B9001C802D /* FirstViewController.swift in Sources */,
			);
			runOnlyForDeploymentPostprocessing = 0;
		};
/* End PBXSourcesBuildPhase section */

/* Begin PBXVariantGroup section */
		194B33FB22E0B1B9001C802D /* Main.storyboard */ = {
			isa = PBXVariantGroup;
			children = (
				194B33FC22E0B1B9001C802D /* Base */,
			);
			name = Main.storyboard;
			sourceTree = "<group>";
		};
		194B340022E0B1BC001C802D /* LaunchScreen.storyboard */ = {
			isa = PBXVariantGroup;
			children = (
				194B340122E0B1BC001C802D /* Base */,
			);
			name = LaunchScreen.storyboard;
			sourceTree = "<group>";
		};
/* End PBXVariantGroup section */

/* Begin XCBuildConfiguration section */
		194B340422E0B1BC001C802D /* Debug */ = {
			isa = XCBuildConfiguration;
			buildSettings = {
				ALWAYS_SEARCH_USER_PATHS = NO;
				CLANG_ANALYZER_NONNULL = YES;
				CLANG_ANALYZER_NUMBER_OBJECT_CONVERSION = YES_AGGRESSIVE;
				CLANG_CXX_LANGUAGE_STANDARD = "gnu++14";
				CLANG_CXX_LIBRARY = "libc++";
				CLANG_ENABLE_MODULES = YES;
				CLANG_ENABLE_OBJC_ARC = YES;
				CLANG_ENABLE_OBJC_WEAK = YES;
				CLANG_WARN_BLOCK_CAPTURE_AUTORELEASING = YES;
				CLANG_WARN_BOOL_CONVERSION = YES;
				CLANG_WARN_COMMA = YES;
				CLANG_WARN_CONSTANT_CONVERSION = YES;
				CLANG_WARN_DEPRECATED_OBJC_IMPLEMENTATIONS = YES;
				CLANG_WARN_DIRECT_OBJC_ISA_USAGE = YES_ERROR;
				CLANG_WARN_DOCUMENTATION_COMMENTS = YES;
				CLANG_WARN_EMPTY_BODY = YES;
				CLANG_WARN_ENUM_CONVERSION = YES;
				CLANG_WARN_INFINITE_RECURSION = YES;
				CLANG_WARN_INT_CONVERSION = YES;
				CLANG_WARN_NON_LITERAL_NULL_CONVERSION = YES;
				CLANG_WARN_OBJC_IMPLICIT_RETAIN_SELF = YES;
				CLANG_WARN_OBJC_LITERAL_CONVERSION = YES;
				CLANG_WARN_OBJC_ROOT_CLASS = YES_ERROR;
				CLANG_WARN_RANGE_LOOP_ANALYSIS = YES;
				CLANG_WARN_STRICT_PROTOTYPES = YES;
				CLANG_WARN_SUSPICIOUS_MOVE = YES;
				CLANG_WARN_UNGUARDED_AVAILABILITY = YES_AGGRESSIVE;
				CLANG_WARN_UNREACHABLE_CODE = YES;
				CLANG_WARN__DUPLICATE_METHOD_MATCH = YES;
				CODE_SIGN_IDENTITY = "iPhone Developer";
				COPY_PHASE_STRIP = NO;
				DEBUG_INFORMATION_FORMAT = dwarf;
				ENABLE_STRICT_OBJC_MSGSEND = YES;
				ENABLE_TESTABILITY = YES;
				GCC_C_LANGUAGE_STANDARD = gnu11;
				GCC_DYNAMIC_NO_PIC = NO;
				GCC_NO_COMMON_BLOCKS = YES;
				GCC_OPTIMIZATION_LEVEL = 0;
				GCC_PREPROCESSOR_DEFINITIONS = (
					"DEBUG=1",
					"$(inherited)",
				);
				GCC_WARN_64_TO_32_BIT_CONVERSION = YES;
				GCC_WARN_ABOUT_RETURN_TYPE = YES_ERROR;
				GCC_WARN_UNDECLARED_SELECTOR = YES;
				GCC_WARN_UNINITIALIZED_AUTOS = YES_AGGRESSIVE;
				GCC_WARN_UNUSED_FUNCTION = YES;
				GCC_WARN_UNUSED_VARIABLE = YES;
				IPHONEOS_DEPLOYMENT_TARGET = 12.4;
				MTL_ENABLE_DEBUG_INFO = INCLUDE_SOURCE;
				MTL_FAST_MATH = YES;
				ONLY_ACTIVE_ARCH = YES;
				SDKROOT = iphoneos;
				SWIFT_ACTIVE_COMPILATION_CONDITIONS = DEBUG;
				SWIFT_OPTIMIZATION_LEVEL = "-Onone";
			};
			name = Debug;
		};
		194B340522E0B1BC001C802D /* Release */ = {
			isa = XCBuildConfiguration;
			buildSettings = {
				ALWAYS_SEARCH_USER_PATHS = NO;
				CLANG_ANALYZER_NONNULL = YES;
				CLANG_ANALYZER_NUMBER_OBJECT_CONVERSION = YES_AGGRESSIVE;
				CLANG_CXX_LANGUAGE_STANDARD = "gnu++14";
				CLANG_CXX_LIBRARY = "libc++";
				CLANG_ENABLE_MODULES = YES;
				CLANG_ENABLE_OBJC_ARC = YES;
				CLANG_ENABLE_OBJC_WEAK = YES;
				CLANG_WARN_BLOCK_CAPTURE_AUTORELEASING = YES;
				CLANG_WARN_BOOL_CONVERSION = YES;
				CLANG_WARN_COMMA = YES;
				CLANG_WARN_CONSTANT_CONVERSION = YES;
				CLANG_WARN_DEPRECATED_OBJC_IMPLEMENTATIONS = YES;
				CLANG_WARN_DIRECT_OBJC_ISA_USAGE = YES_ERROR;
				CLANG_WARN_DOCUMENTATION_COMMENTS = YES;
				CLANG_WARN_EMPTY_BODY = YES;
				CLANG_WARN_ENUM_CONVERSION = YES;
				CLANG_WARN_INFINITE_RECURSION = YES;
				CLANG_WARN_INT_CONVERSION = YES;
				CLANG_WARN_NON_LITERAL_NULL_CONVERSION = YES;
				CLANG_WARN_OBJC_IMPLICIT_RETAIN_SELF = YES;
				CLANG_WARN_OBJC_LITERAL_CONVERSION = YES;
				CLANG_WARN_OBJC_ROOT_CLASS = YES_ERROR;
				CLANG_WARN_RANGE_LOOP_ANALYSIS = YES;
				CLANG_WARN_STRICT_PROTOTYPES = YES;
				CLANG_WARN_SUSPICIOUS_MOVE = YES;
				CLANG_WARN_UNGUARDED_AVAILABILITY = YES_AGGRESSIVE;
				CLANG_WARN_UNREACHABLE_CODE = YES;
				CLANG_WARN__DUPLICATE_METHOD_MATCH = YES;
				CODE_SIGN_IDENTITY = "iPhone Developer";
				COPY_PHASE_STRIP = NO;
				DEBUG_INFORMATION_FORMAT = "dwarf-with-dsym";
				ENABLE_NS_ASSERTIONS = NO;
				ENABLE_STRICT_OBJC_MSGSEND = YES;
				GCC_C_LANGUAGE_STANDARD = gnu11;
				GCC_NO_COMMON_BLOCKS = YES;
				GCC_WARN_64_TO_32_BIT_CONVERSION = YES;
				GCC_WARN_ABOUT_RETURN_TYPE = YES_ERROR;
				GCC_WARN_UNDECLARED_SELECTOR = YES;
				GCC_WARN_UNINITIALIZED_AUTOS = YES_AGGRESSIVE;
				GCC_WARN_UNUSED_FUNCTION = YES;
				GCC_WARN_UNUSED_VARIABLE = YES;
				IPHONEOS_DEPLOYMENT_TARGET = 12.4;
				MTL_ENABLE_DEBUG_INFO = NO;
				MTL_FAST_MATH = YES;
				SDKROOT = iphoneos;
				SWIFT_COMPILATION_MODE = wholemodule;
				SWIFT_OPTIMIZATION_LEVEL = "-O";
				VALIDATE_PRODUCT = YES;
			};
			name = Release;
		};
		194B340722E0B1BC001C802D /* Debug */ = {
			isa = XCBuildConfiguration;
			baseConfigurationReference = 00D6F9942873B039EF92039A /* Pods-New APNs documentation app.debug.xcconfig */;
			buildSettings = {
				ASSETCATALOG_COMPILER_APPICON_NAME = AppIcon;
				CODE_SIGN_ENTITLEMENTS = "New APNs documentation app/New APNs documentation app.entitlements";
				CODE_SIGN_IDENTITY = "iPhone Distribution";
				CODE_SIGN_STYLE = Manual;
				DEVELOPMENT_TEAM = 8325N7MB7B;
				INFOPLIST_FILE = "New APNs documentation app/Info.plist";
				LD_RUNPATH_SEARCH_PATHS = (
					"$(inherited)",
					"@executable_path/Frameworks",
				);
				PRODUCT_BUNDLE_IDENTIFIER = "com.gkatechis.newdocsapn.New-APNs-documentation-app";
				PRODUCT_NAME = "$(TARGET_NAME)";
				PROVISIONING_PROFILE_SPECIFIER = "Ad-Hoc Distribution Provisioning Profile";
				SWIFT_VERSION = 5.0;
				TARGETED_DEVICE_FAMILY = "1,2";
			};
			name = Debug;
		};
		194B340822E0B1BC001C802D /* Release */ = {
			isa = XCBuildConfiguration;
			baseConfigurationReference = 6E1EA578D94D47786627F13B /* Pods-New APNs documentation app.release.xcconfig */;
			buildSettings = {
				ASSETCATALOG_COMPILER_APPICON_NAME = AppIcon;
				CODE_SIGN_ENTITLEMENTS = "New APNs documentation app/New APNs documentation app.entitlements";
				CODE_SIGN_IDENTITY = "iPhone Distribution";
				CODE_SIGN_STYLE = Manual;
				DEVELOPMENT_TEAM = 8325N7MB7B;
				INFOPLIST_FILE = "New APNs documentation app/Info.plist";
				LD_RUNPATH_SEARCH_PATHS = (
					"$(inherited)",
					"@executable_path/Frameworks",
				);
				PRODUCT_BUNDLE_IDENTIFIER = "com.gkatechis.newdocsapn.New-APNs-documentation-app";
				PRODUCT_NAME = "$(TARGET_NAME)";
				PROVISIONING_PROFILE_SPECIFIER = "Ad-Hoc Distribution Provisioning Profile";
				SWIFT_VERSION = 5.0;
				TARGETED_DEVICE_FAMILY = "1,2";
			};
			name = Release;
		};
/* End XCBuildConfiguration section */

/* Begin XCConfigurationList section */
		194B33ED22E0B1B9001C802D /* Build configuration list for PBXProject "New APNs documentation app" */ = {
			isa = XCConfigurationList;
			buildConfigurations = (
				194B340422E0B1BC001C802D /* Debug */,
				194B340522E0B1BC001C802D /* Release */,
			);
			defaultConfigurationIsVisible = 0;
			defaultConfigurationName = Debug;
		};
		194B340622E0B1BC001C802D /* Build configuration list for PBXNativeTarget "New APNs documentation app" */ = {
			isa = XCConfigurationList;
			buildConfigurations = (
				194B340722E0B1BC001C802D /* Debug */,
				194B340822E0B1BC001C802D /* Release */,
			);
			defaultConfigurationIsVisible = 0;
			defaultConfigurationName = Debug;
		};
/* End XCConfigurationList section */
	};
	rootObject = 194B33EA22E0B1B9001C802D /* Project object */;
}
